
Microsoft Visual Studio Solution File, Format Version 12.00
# Visual Studio Version 16
VisualStudioVersion = 16.0.31025.194
MinimumVisualStudioVersion = 10.0.40219.1
Project("{FAE04EC0-301F-11D3-BF4B-00C04F79EFBC}") = "Sinco", "Sinco\Sinco.csproj", "{C5947137-F6AC-4006-8BBD-C7D05A040FCE}"
EndProject
Global
	GlobalSection(SolutionConfigurationPlatforms) = preSolution
		Debug|Any CPU = Debug|Any CPU
		Release|Any CPU = Release|Any CPU
	EndGlobalSection
	GlobalSection(ProjectConfigurationPlatforms) = postSolution
		{C5947137-F6AC-4006-8BBD-C7D05A040FCE}.Debug|Any CPU.ActiveCfg = Debug|Any CPU
		{C5947137-F6AC-4006-8BBD-C7D05A040FCE}.Debug|Any CPU.Build.0 = Debug|Any CPU
		{C5947137-F6AC-4006-8BBD-C7D05A040FCE}.Release|Any CPU.ActiveCfg = Release|Any CPU
		{C5947137-F6AC-4006-8BBD-C7D05A040FCE}.Release|Any CPU.Build.0 = Release|Any CPU
	EndGlobalSection
	GlobalSection(SolutionProperties) = preSolution
		HideSolutionNode = FALSE
	EndGlobalSection
	GlobalSection(ExtensibilityGlobals) = postSolution
		SolutionGuid = {253A59AE-733E-440B-898C-315F63CD3971}
	EndGlobalSection
EndGlobal
